// !$*UTF8*$!
{
	archiveVersion = 1;
	classes = {
	};
	objectVersion = 46;
	objects = {

/* Begin PBXBuildFile section */
		0708CC597371F67DFA903EEF /* Pods_WeatherTests.framework in Frameworks */ = {isa = PBXBuildFile; fileRef = E587063A91F9E5CC5256D157 /* Pods_WeatherTests.framework */; };
		8A64E0BC1F41B20F00EE7EB8 /* CityWeatherCell.swift in Sources */ = {isa = PBXBuildFile; fileRef = 8A64E0BB1F41B20F00EE7EB8 /* CityWeatherCell.swift */; };
		8A64E0BE1F41CD2E00EE7EB8 /* DetailedWeatherForecastViewController.swift in Sources */ = {isa = PBXBuildFile; fileRef = 8A64E0BD1F41CD2E00EE7EB8 /* DetailedWeatherForecastViewController.swift */; };
		8A7A0AC71F42A55E00E6E22B /* WeatherResult.swift in Sources */ = {isa = PBXBuildFile; fileRef = 8A7A0AC61F42A55E00E6E22B /* WeatherResult.swift */; };
		8A7A0AC91F42ADCB00E6E22B /* JSONFileReader.swift in Sources */ = {isa = PBXBuildFile; fileRef = 8A7A0AC81F42ADCB00E6E22B /* JSONFileReader.swift */; };
		8A7A0ACB1F42BF0800E6E22B /* DetailedWeatherDataProvider.swift in Sources */ = {isa = PBXBuildFile; fileRef = 8A7A0ACA1F42BF0800E6E22B /* DetailedWeatherDataProvider.swift */; };
		8AADF0CC1F4140F100434C11 /* AppDelegate.swift in Sources */ = {isa = PBXBuildFile; fileRef = 8AADF0CB1F4140F100434C11 /* AppDelegate.swift */; };
		8AADF0D11F4140F100434C11 /* Main.storyboard in Resources */ = {isa = PBXBuildFile; fileRef = 8AADF0CF1F4140F100434C11 /* Main.storyboard */; };
		8AADF0D31F4140F100434C11 /* Assets.xcassets in Resources */ = {isa = PBXBuildFile; fileRef = 8AADF0D21F4140F100434C11 /* Assets.xcassets */; };
		8AADF0D61F4140F100434C11 /* LaunchScreen.storyboard in Resources */ = {isa = PBXBuildFile; fileRef = 8AADF0D41F4140F100434C11 /* LaunchScreen.storyboard */; };
		8AADF0E11F4140F200434C11 /* WeatherTests.swift in Sources */ = {isa = PBXBuildFile; fileRef = 8AADF0E01F4140F200434C11 /* WeatherTests.swift */; };
		8AADF0EF1F414B2500434C11 /* City.swift in Sources */ = {isa = PBXBuildFile; fileRef = 8AADF0EE1F414B2500434C11 /* City.swift */; };
		8AADF0F11F414C9500434C11 /* CountryStorage.swift in Sources */ = {isa = PBXBuildFile; fileRef = 8AADF0F01F414C9500434C11 /* CountryStorage.swift */; };
		8AADF0F31F414CFA00434C11 /* WeatherViewController.swift in Sources */ = {isa = PBXBuildFile; fileRef = 8AADF0F21F414CFA00434C11 /* WeatherViewController.swift */; };
		8AADF0F51F414D7200434C11 /* WeatherDataProvider.swift in Sources */ = {isa = PBXBuildFile; fileRef = 8AADF0F41F414D7200434C11 /* WeatherDataProvider.swift */; };
		8AADF1001F414F6300434C11 /* adelaide.json in Resources */ = {isa = PBXBuildFile; fileRef = 8AADF0F71F414F6300434C11 /* adelaide.json */; };
		8AADF1011F414F6300434C11 /* amsterdam.json in Resources */ = {isa = PBXBuildFile; fileRef = 8AADF0F81F414F6300434C11 /* amsterdam.json */; };
		8AADF1021F414F6300434C11 /* brisbane.json in Resources */ = {isa = PBXBuildFile; fileRef = 8AADF0F91F414F6300434C11 /* brisbane.json */; };
		8AADF1031F414F6300434C11 /* canberra.json in Resources */ = {isa = PBXBuildFile; fileRef = 8AADF0FA1F414F6300434C11 /* canberra.json */; };
		8AADF1041F414F6300434C11 /* darwin.json in Resources */ = {isa = PBXBuildFile; fileRef = 8AADF0FB1F414F6300434C11 /* darwin.json */; };
		8AADF1051F414F6300434C11 /* london.json in Resources */ = {isa = PBXBuildFile; fileRef = 8AADF0FC1F414F6300434C11 /* london.json */; };
		8AADF1061F414F6300434C11 /* melbourne.json in Resources */ = {isa = PBXBuildFile; fileRef = 8AADF0FD1F414F6300434C11 /* melbourne.json */; };
		8AADF1071F414F6300434C11 /* newyork.json in Resources */ = {isa = PBXBuildFile; fileRef = 8AADF0FE1F414F6300434C11 /* newyork.json */; };
		8AADF1081F414F6300434C11 /* perth.json in Resources */ = {isa = PBXBuildFile; fileRef = 8AADF0FF1F414F6300434C11 /* perth.json */; };
		8AADF10D1F414F7400434C11 /* sanfrancisco.json in Resources */ = {isa = PBXBuildFile; fileRef = 8AADF1091F414F7400434C11 /* sanfrancisco.json */; };
		8AADF10E1F414F7400434C11 /* seattle.json in Resources */ = {isa = PBXBuildFile; fileRef = 8AADF10A1F414F7400434C11 /* seattle.json */; };
		8AADF10F1F414F7400434C11 /* sydney.json in Resources */ = {isa = PBXBuildFile; fileRef = 8AADF10B1F414F7400434C11 /* sydney.json */; };
		8AADF1101F414F7400434C11 /* tasmania.json in Resources */ = {isa = PBXBuildFile; fileRef = 8AADF10C1F414F7400434C11 /* tasmania.json */; };
		8AADF1121F414F7E00434C11 /* weather.json in Resources */ = {isa = PBXBuildFile; fileRef = 8AADF1111F414F7E00434C11 /* weather.json */; };
		8AADF1141F414FEA00434C11 /* Weather.swift in Sources */ = {isa = PBXBuildFile; fileRef = 8AADF1131F414FEA00434C11 /* Weather.swift */; };
		96C04F9A793A3649321D6F1A /* Pods_Weather.framework in Frameworks */ = {isa = PBXBuildFile; fileRef = C9CAC03FE85335B4D7CEA1B2 /* Pods_Weather.framework */; };
/* End PBXBuildFile section */

/* Begin PBXContainerItemProxy section */
		8AADF0DD1F4140F200434C11 /* PBXContainerItemProxy */ = {
			isa = PBXContainerItemProxy;
			containerPortal = 8AADF0C01F4140F100434C11 /* Project object */;
			proxyType = 1;
			remoteGlobalIDString = 8AADF0C71F4140F100434C11;
			remoteInfo = Weather;
		};
/* End PBXContainerItemProxy section */

/* Begin PBXFileReference section */
		25FEE2457FE134DFD7688B1C /* Pods-WeatherTests.release.xcconfig */ = {isa = PBXFileReference; includeInIndex = 1; lastKnownFileType = text.xcconfig; name = "Pods-WeatherTests.release.xcconfig"; path = "Pods/Target Support Files/Pods-WeatherTests/Pods-WeatherTests.release.xcconfig"; sourceTree = "<group>"; };
		4A640D06711636A517969312 /* Pods-Weather.debug.xcconfig */ = {isa = PBXFileReference; includeInIndex = 1; lastKnownFileType = text.xcconfig; name = "Pods-Weather.debug.xcconfig"; path = "Pods/Target Support Files/Pods-Weather/Pods-Weather.debug.xcconfig"; sourceTree = "<group>"; };
		8314FBD2C363B56B2E222E07 /* Pods-WeatherTests.debug.xcconfig */ = {isa = PBXFileReference; includeInIndex = 1; lastKnownFileType = text.xcconfig; name = "Pods-WeatherTests.debug.xcconfig"; path = "Pods/Target Support Files/Pods-WeatherTests/Pods-WeatherTests.debug.xcconfig"; sourceTree = "<group>"; };
		8A64E0BB1F41B20F00EE7EB8 /* CityWeatherCell.swift */ = {isa = PBXFileReference; fileEncoding = 4; lastKnownFileType = sourcecode.swift; path = CityWeatherCell.swift; sourceTree = "<group>"; };
		8A64E0BD1F41CD2E00EE7EB8 /* DetailedWeatherForecastViewController.swift */ = {isa = PBXFileReference; fileEncoding = 4; lastKnownFileType = sourcecode.swift; path = DetailedWeatherForecastViewController.swift; sourceTree = "<group>"; };
		8A7A0AC61F42A55E00E6E22B /* WeatherResult.swift */ = {isa = PBXFileReference; fileEncoding = 4; lastKnownFileType = sourcecode.swift; path = WeatherResult.swift; sourceTree = "<group>"; };
		8A7A0AC81F42ADCB00E6E22B /* JSONFileReader.swift */ = {isa = PBXFileReference; fileEncoding = 4; lastKnownFileType = sourcecode.swift; path = JSONFileReader.swift; sourceTree = "<group>"; };
		8A7A0ACA1F42BF0800E6E22B /* DetailedWeatherDataProvider.swift */ = {isa = PBXFileReference; fileEncoding = 4; lastKnownFileType = sourcecode.swift; path = DetailedWeatherDataProvider.swift; sourceTree = "<group>"; };
		8AADF0C81F4140F100434C11 /* Weather.app */ = {isa = PBXFileReference; explicitFileType = wrapper.application; includeInIndex = 0; path = Weather.app; sourceTree = BUILT_PRODUCTS_DIR; };
		8AADF0CB1F4140F100434C11 /* AppDelegate.swift */ = {isa = PBXFileReference; lastKnownFileType = sourcecode.swift; path = AppDelegate.swift; sourceTree = "<group>"; };
		8AADF0D01F4140F100434C11 /* Base */ = {isa = PBXFileReference; lastKnownFileType = file.storyboard; name = Base; path = Base.lproj/Main.storyboard; sourceTree = "<group>"; };
		8AADF0D21F4140F100434C11 /* Assets.xcassets */ = {isa = PBXFileReference; lastKnownFileType = folder.assetcatalog; path = Assets.xcassets; sourceTree = "<group>"; };
		8AADF0D51F4140F100434C11 /* Base */ = {isa = PBXFileReference; lastKnownFileType = file.storyboard; name = Base; path = Base.lproj/LaunchScreen.storyboard; sourceTree = "<group>"; };
		8AADF0D71F4140F100434C11 /* Info.plist */ = {isa = PBXFileReference; lastKnownFileType = text.plist.xml; path = Info.plist; sourceTree = "<group>"; };
		8AADF0DC1F4140F200434C11 /* WeatherTests.xctest */ = {isa = PBXFileReference; explicitFileType = wrapper.cfbundle; includeInIndex = 0; path = WeatherTests.xctest; sourceTree = BUILT_PRODUCTS_DIR; };
		8AADF0E01F4140F200434C11 /* WeatherTests.swift */ = {isa = PBXFileReference; lastKnownFileType = sourcecode.swift; path = WeatherTests.swift; sourceTree = "<group>"; };
		8AADF0E21F4140F200434C11 /* Info.plist */ = {isa = PBXFileReference; lastKnownFileType = text.plist.xml; path = Info.plist; sourceTree = "<group>"; };
		8AADF0EE1F414B2500434C11 /* City.swift */ = {isa = PBXFileReference; fileEncoding = 4; lastKnownFileType = sourcecode.swift; path = City.swift; sourceTree = "<group>"; };
		8AADF0F01F414C9500434C11 /* CountryStorage.swift */ = {isa = PBXFileReference; fileEncoding = 4; lastKnownFileType = sourcecode.swift; path = CountryStorage.swift; sourceTree = "<group>"; };
		8AADF0F21F414CFA00434C11 /* WeatherViewController.swift */ = {isa = PBXFileReference; fileEncoding = 4; lastKnownFileType = sourcecode.swift; path = WeatherViewController.swift; sourceTree = "<group>"; };
		8AADF0F41F414D7200434C11 /* WeatherDataProvider.swift */ = {isa = PBXFileReference; fileEncoding = 4; lastKnownFileType = sourcecode.swift; path = WeatherDataProvider.swift; sourceTree = "<group>"; };
		8AADF0F71F414F6300434C11 /* adelaide.json */ = {isa = PBXFileReference; fileEncoding = 4; lastKnownFileType = text.json; path = adelaide.json; sourceTree = "<group>"; };
		8AADF0F81F414F6300434C11 /* amsterdam.json */ = {isa = PBXFileReference; fileEncoding = 4; lastKnownFileType = text.json; path = amsterdam.json; sourceTree = "<group>"; };
		8AADF0F91F414F6300434C11 /* brisbane.json */ = {isa = PBXFileReference; fileEncoding = 4; lastKnownFileType = text.json; path = brisbane.json; sourceTree = "<group>"; };
		8AADF0FA1F414F6300434C11 /* canberra.json */ = {isa = PBXFileReference; fileEncoding = 4; lastKnownFileType = text.json; path = canberra.json; sourceTree = "<group>"; };
		8AADF0FB1F414F6300434C11 /* darwin.json */ = {isa = PBXFileReference; fileEncoding = 4; lastKnownFileType = text.json; path = darwin.json; sourceTree = "<group>"; };
		8AADF0FC1F414F6300434C11 /* london.json */ = {isa = PBXFileReference; fileEncoding = 4; lastKnownFileType = text.json; path = london.json; sourceTree = "<group>"; };
		8AADF0FD1F414F6300434C11 /* melbourne.json */ = {isa = PBXFileReference; fileEncoding = 4; lastKnownFileType = text.json; path = melbourne.json; sourceTree = "<group>"; };
		8AADF0FE1F414F6300434C11 /* newyork.json */ = {isa = PBXFileReference; fileEncoding = 4; lastKnownFileType = text.json; path = newyork.json; sourceTree = "<group>"; };
		8AADF0FF1F414F6300434C11 /* perth.json */ = {isa = PBXFileReference; fileEncoding = 4; lastKnownFileType = text.json; path = perth.json; sourceTree = "<group>"; };
		8AADF1091F414F7400434C11 /* sanfrancisco.json */ = {isa = PBXFileReference; fileEncoding = 4; lastKnownFileType = text.json; path = sanfrancisco.json; sourceTree = "<group>"; };
		8AADF10A1F414F7400434C11 /* seattle.json */ = {isa = PBXFileReference; fileEncoding = 4; lastKnownFileType = text.json; path = seattle.json; sourceTree = "<group>"; };
		8AADF10B1F414F7400434C11 /* sydney.json */ = {isa = PBXFileReference; fileEncoding = 4; lastKnownFileType = text.json; path = sydney.json; sourceTree = "<group>"; };
		8AADF10C1F414F7400434C11 /* tasmania.json */ = {isa = PBXFileReference; fileEncoding = 4; lastKnownFileType = text.json; path = tasmania.json; sourceTree = "<group>"; };
		8AADF1111F414F7E00434C11 /* weather.json */ = {isa = PBXFileReference; fileEncoding = 4; lastKnownFileType = text.json; path = weather.json; sourceTree = "<group>"; };
		8AADF1131F414FEA00434C11 /* Weather.swift */ = {isa = PBXFileReference; fileEncoding = 4; lastKnownFileType = sourcecode.swift; path = Weather.swift; sourceTree = "<group>"; };
		C9CAC03FE85335B4D7CEA1B2 /* Pods_Weather.framework */ = {isa = PBXFileReference; explicitFileType = wrapper.framework; includeInIndex = 0; path = Pods_Weather.framework; sourceTree = BUILT_PRODUCTS_DIR; };
		D3C33F349D0F078883F86554 /* Pods-Weather.release.xcconfig */ = {isa = PBXFileReference; includeInIndex = 1; lastKnownFileType = text.xcconfig; name = "Pods-Weather.release.xcconfig"; path = "Pods/Target Support Files/Pods-Weather/Pods-Weather.release.xcconfig"; sourceTree = "<group>"; };
		E587063A91F9E5CC5256D157 /* Pods_WeatherTests.framework */ = {isa = PBXFileReference; explicitFileType = wrapper.framework; includeInIndex = 0; path = Pods_WeatherTests.framework; sourceTree = BUILT_PRODUCTS_DIR; };
/* End PBXFileReference section */

/* Begin PBXFrameworksBuildPhase section */
		8AADF0C51F4140F100434C11 /* Frameworks */ = {
			isa = PBXFrameworksBuildPhase;
			buildActionMask = 2147483647;
			files = (
				96C04F9A793A3649321D6F1A /* Pods_Weather.framework in Frameworks */,
			);
			runOnlyForDeploymentPostprocessing = 0;
		};
		8AADF0D91F4140F200434C11 /* Frameworks */ = {
			isa = PBXFrameworksBuildPhase;
			buildActionMask = 2147483647;
			files = (
				0708CC597371F67DFA903EEF /* Pods_WeatherTests.framework in Frameworks */,
			);
			runOnlyForDeploymentPostprocessing = 0;
		};
/* End PBXFrameworksBuildPhase section */

/* Begin PBXGroup section */
		8A26EBAF22AA735F322BCFA8 /* Frameworks */ = {
			isa = PBXGroup;
			children = (
				C9CAC03FE85335B4D7CEA1B2 /* Pods_Weather.framework */,
				E587063A91F9E5CC5256D157 /* Pods_WeatherTests.framework */,
			);
			name = Frameworks;
			sourceTree = "<group>";
		};
		8A64E0BA1F41B1DE00EE7EB8 /* Cells */ = {
			isa = PBXGroup;
			children = (
				8A64E0BB1F41B20F00EE7EB8 /* CityWeatherCell.swift */,
			);
			name = Cells;
			sourceTree = "<group>";
		};
		8A7A0AC51F429FF400E6E22B /* Controllers */ = {
			isa = PBXGroup;
			children = (
				8AADF0F01F414C9500434C11 /* CountryStorage.swift */,
				8A7A0ACA1F42BF0800E6E22B /* DetailedWeatherDataProvider.swift */,
				8A7A0AC81F42ADCB00E6E22B /* JSONFileReader.swift */,
				8AADF0F41F414D7200434C11 /* WeatherDataProvider.swift */,
			);
			name = Controllers;
			sourceTree = "<group>";
		};
		8AADF0BF1F4140F100434C11 = {
			isa = PBXGroup;
			children = (
				8AADF0CA1F4140F100434C11 /* Weather */,
				8AADF0DF1F4140F200434C11 /* WeatherTests */,
				8AADF0C91F4140F100434C11 /* Products */,
				9E01344FE89D13457725CC7F /* Pods */,
				8A26EBAF22AA735F322BCFA8 /* Frameworks */,
			);
			sourceTree = "<group>";
		};
		8AADF0C91F4140F100434C11 /* Products */ = {
			isa = PBXGroup;
			children = (
				8AADF0C81F4140F100434C11 /* Weather.app */,
				8AADF0DC1F4140F200434C11 /* WeatherTests.xctest */,
			);
			name = Products;
			sourceTree = "<group>";
		};
		8AADF0CA1F4140F100434C11 /* Weather */ = {
			isa = PBXGroup;
			children = (
				8A64E0BA1F41B1DE00EE7EB8 /* Cells */,
				8A7A0AC51F429FF400E6E22B /* Controllers */,
				8AADF0F61F414F4B00434C11 /* JSON */,
				8AADF0EC1F4141E400434C11 /* Models */,
				8AADF0EB1F4141D800434C11 /* Resources */,
				8AADF0ED1F4141EA00434C11 /* ViewControllers */,
				8AADF0CB1F4140F100434C11 /* AppDelegate.swift */,
				8AADF0D71F4140F100434C11 /* Info.plist */,
			);
			path = Weather;
			sourceTree = "<group>";
		};
		8AADF0DF1F4140F200434C11 /* WeatherTests */ = {
			isa = PBXGroup;
			children = (
				8AADF0E01F4140F200434C11 /* WeatherTests.swift */,
				8AADF0E21F4140F200434C11 /* Info.plist */,
			);
			path = WeatherTests;
			sourceTree = "<group>";
		};
		8AADF0EB1F4141D800434C11 /* Resources */ = {
			isa = PBXGroup;
			children = (
				8AADF0D21F4140F100434C11 /* Assets.xcassets */,
				8AADF0D41F4140F100434C11 /* LaunchScreen.storyboard */,
				8AADF0CF1F4140F100434C11 /* Main.storyboard */,
			);
			name = Resources;
			sourceTree = "<group>";
		};
		8AADF0EC1F4141E400434C11 /* Models */ = {
			isa = PBXGroup;
			children = (
				8AADF0EE1F414B2500434C11 /* City.swift */,
				8AADF1131F414FEA00434C11 /* Weather.swift */,
				8A7A0AC61F42A55E00E6E22B /* WeatherResult.swift */,
			);
			name = Models;
			sourceTree = "<group>";
		};
		8AADF0ED1F4141EA00434C11 /* ViewControllers */ = {
			isa = PBXGroup;
			children = (
				8A64E0BD1F41CD2E00EE7EB8 /* DetailedWeatherForecastViewController.swift */,
				8AADF0F21F414CFA00434C11 /* WeatherViewController.swift */,
			);
			name = ViewControllers;
			sourceTree = "<group>";
		};
		8AADF0F61F414F4B00434C11 /* JSON */ = {
			isa = PBXGroup;
			children = (
				8AADF0F71F414F6300434C11 /* adelaide.json */,
				8AADF0F81F414F6300434C11 /* amsterdam.json */,
				8AADF0F91F414F6300434C11 /* brisbane.json */,
				8AADF0FA1F414F6300434C11 /* canberra.json */,
				8AADF0FB1F414F6300434C11 /* darwin.json */,
				8AADF0FC1F414F6300434C11 /* london.json */,
				8AADF0FD1F414F6300434C11 /* melbourne.json */,
				8AADF0FE1F414F6300434C11 /* newyork.json */,
				8AADF0FF1F414F6300434C11 /* perth.json */,
				8AADF1091F414F7400434C11 /* sanfrancisco.json */,
				8AADF10A1F414F7400434C11 /* seattle.json */,
				8AADF10B1F414F7400434C11 /* sydney.json */,
				8AADF10C1F414F7400434C11 /* tasmania.json */,
				8AADF1111F414F7E00434C11 /* weather.json */,
			);
			name = JSON;
			sourceTree = "<group>";
		};
		9E01344FE89D13457725CC7F /* Pods */ = {
			isa = PBXGroup;
			children = (
				4A640D06711636A517969312 /* Pods-Weather.debug.xcconfig */,
				D3C33F349D0F078883F86554 /* Pods-Weather.release.xcconfig */,
				8314FBD2C363B56B2E222E07 /* Pods-WeatherTests.debug.xcconfig */,
				25FEE2457FE134DFD7688B1C /* Pods-WeatherTests.release.xcconfig */,
			);
			name = Pods;
			sourceTree = "<group>";
		};
/* End PBXGroup section */

/* Begin PBXNativeTarget section */
		8AADF0C71F4140F100434C11 /* Weather */ = {
			isa = PBXNativeTarget;
			buildConfigurationList = 8AADF0E51F4140F200434C11 /* Build configuration list for PBXNativeTarget "Weather" */;
			buildPhases = (
				656835E21258A63316CF32F0 /* [CP] Check Pods Manifest.lock */,
				8AADF0C41F4140F100434C11 /* Sources */,
				8AADF0C51F4140F100434C11 /* Frameworks */,
				8AADF0C61F4140F100434C11 /* Resources */,
				A65D0804F1CFB1541F6BC397 /* [CP] Embed Pods Frameworks */,
				23729C1791FEB0EECFEA543F /* [CP] Copy Pods Resources */,
			);
			buildRules = (
			);
			dependencies = (
			);
			name = Weather;
			productName = Weather;
			productReference = 8AADF0C81F4140F100434C11 /* Weather.app */;
			productType = "com.apple.product-type.application";
		};
		8AADF0DB1F4140F200434C11 /* WeatherTests */ = {
			isa = PBXNativeTarget;
			buildConfigurationList = 8AADF0E81F4140F200434C11 /* Build configuration list for PBXNativeTarget "WeatherTests" */;
			buildPhases = (
				711ABFDC7BE56AC28D601F58 /* [CP] Check Pods Manifest.lock */,
				8AADF0D81F4140F200434C11 /* Sources */,
				8AADF0D91F4140F200434C11 /* Frameworks */,
				8AADF0DA1F4140F200434C11 /* Resources */,
				04C6D668B82DEE38E1FADB24 /* [CP] Embed Pods Frameworks */,
				DC87AE464877E924BF69DBE1 /* [CP] Copy Pods Resources */,
			);
			buildRules = (
			);
			dependencies = (
				8AADF0DE1F4140F200434C11 /* PBXTargetDependency */,
			);
			name = WeatherTests;
			productName = WeatherTests;
			productReference = 8AADF0DC1F4140F200434C11 /* WeatherTests.xctest */;
			productType = "com.apple.product-type.bundle.unit-test";
		};
/* End PBXNativeTarget section */

/* Begin PBXProject section */
		8AADF0C01F4140F100434C11 /* Project object */ = {
			isa = PBXProject;
			attributes = {
				LastSwiftUpdateCheck = 0830;
				LastUpgradeCheck = 0830;
				ORGANIZATIONNAME = "Alexey Zhilnikov";
				TargetAttributes = {
					8AADF0C71F4140F100434C11 = {
						CreatedOnToolsVersion = 8.3.3;
						ProvisioningStyle = Automatic;
					};
					8AADF0DB1F4140F200434C11 = {
						CreatedOnToolsVersion = 8.3.3;
						ProvisioningStyle = Automatic;
						TestTargetID = 8AADF0C71F4140F100434C11;
					};
				};
			};
			buildConfigurationList = 8AADF0C31F4140F100434C11 /* Build configuration list for PBXProject "Weather" */;
			compatibilityVersion = "Xcode 3.2";
			developmentRegion = English;
			hasScannedForEncodings = 0;
			knownRegions = (
				en,
				Base,
			);
			mainGroup = 8AADF0BF1F4140F100434C11;
			productRefGroup = 8AADF0C91F4140F100434C11 /* Products */;
			projectDirPath = "";
			projectRoot = "";
			targets = (
				8AADF0C71F4140F100434C11 /* Weather */,
				8AADF0DB1F4140F200434C11 /* WeatherTests */,
			);
		};
/* End PBXProject section */

/* Begin PBXResourcesBuildPhase section */
		8AADF0C61F4140F100434C11 /* Resources */ = {
			isa = PBXResourcesBuildPhase;
			buildActionMask = 2147483647;
			files = (
				8AADF1041F414F6300434C11 /* darwin.json in Resources */,
				8AADF1011F414F6300434C11 /* amsterdam.json in Resources */,
				8AADF1021F414F6300434C11 /* brisbane.json in Resources */,
				8AADF1101F414F7400434C11 /* tasmania.json in Resources */,
				8AADF1031F414F6300434C11 /* canberra.json in Resources */,
				8AADF0D61F4140F100434C11 /* LaunchScreen.storyboard in Resources */,
				8AADF0D31F4140F100434C11 /* Assets.xcassets in Resources */,
				8AADF10D1F414F7400434C11 /* sanfrancisco.json in Resources */,
				8AADF1051F414F6300434C11 /* london.json in Resources */,
				8AADF1001F414F6300434C11 /* adelaide.json in Resources */,
				8AADF1071F414F6300434C11 /* newyork.json in Resources */,
				8AADF1121F414F7E00434C11 /* weather.json in Resources */,
				8AADF10E1F414F7400434C11 /* seattle.json in Resources */,
				8AADF1081F414F6300434C11 /* perth.json in Resources */,
				8AADF0D11F4140F100434C11 /* Main.storyboard in Resources */,
				8AADF1061F414F6300434C11 /* melbourne.json in Resources */,
				8AADF10F1F414F7400434C11 /* sydney.json in Resources */,
			);
			runOnlyForDeploymentPostprocessing = 0;
		};
		8AADF0DA1F4140F200434C11 /* Resources */ = {
			isa = PBXResourcesBuildPhase;
			buildActionMask = 2147483647;
			files = (
			);
			runOnlyForDeploymentPostprocessing = 0;
		};
/* End PBXResourcesBuildPhase section */

/* Begin PBXShellScriptBuildPhase section */
		04C6D668B82DEE38E1FADB24 /* [CP] Embed Pods Frameworks */ = {
			isa = PBXShellScriptBuildPhase;
			buildActionMask = 2147483647;
			files = (
			);
			inputPaths = (
			);
			name = "[CP] Embed Pods Frameworks";
			outputPaths = (
			);
			runOnlyForDeploymentPostprocessing = 0;
			shellPath = /bin/sh;
			shellScript = "\"${SRCROOT}/Pods/Target Support Files/Pods-WeatherTests/Pods-WeatherTests-frameworks.sh\"\n";
			showEnvVarsInLog = 0;
		};
		23729C1791FEB0EECFEA543F /* [CP] Copy Pods Resources */ = {
			isa = PBXShellScriptBuildPhase;
			buildActionMask = 2147483647;
			files = (
			);
			inputPaths = (
			);
			name = "[CP] Copy Pods Resources";
			outputPaths = (
			);
			runOnlyForDeploymentPostprocessing = 0;
			shellPath = /bin/sh;
			shellScript = "\"${SRCROOT}/Pods/Target Support Files/Pods-Weather/Pods-Weather-resources.sh\"\n";
			showEnvVarsInLog = 0;
		};
		656835E21258A63316CF32F0 /* [CP] Check Pods Manifest.lock */ = {
			isa = PBXShellScriptBuildPhase;
			buildActionMask = 2147483647;
			files = (
			);
			inputPaths = (
			);
			name = "[CP] Check Pods Manifest.lock";
			outputPaths = (
			);
			runOnlyForDeploymentPostprocessing = 0;
			shellPath = /bin/sh;
			shellScript = "diff \"${PODS_PODFILE_DIR_PATH}/Podfile.lock\" \"${PODS_ROOT}/Manifest.lock\" > /dev/null\nif [ $? != 0 ] ; then\n    # print error to STDERR\n    echo \"error: The sandbox is not in sync with the Podfile.lock. Run 'pod install' or update your CocoaPods installation.\" >&2\n    exit 1\nfi\n";
			showEnvVarsInLog = 0;
		};
		711ABFDC7BE56AC28D601F58 /* [CP] Check Pods Manifest.lock */ = {
			isa = PBXShellScriptBuildPhase;
			buildActionMask = 2147483647;
			files = (
			);
			inputPaths = (
			);
			name = "[CP] Check Pods Manifest.lock";
			outputPaths = (
			);
			runOnlyForDeploymentPostprocessing = 0;
			shellPath = /bin/sh;
			shellScript = "diff \"${PODS_PODFILE_DIR_PATH}/Podfile.lock\" \"${PODS_ROOT}/Manifest.lock\" > /dev/null\nif [ $? != 0 ] ; then\n    # print error to STDERR\n    echo \"error: The sandbox is not in sync with the Podfile.lock. Run 'pod install' or update your CocoaPods installation.\" >&2\n    exit 1\nfi\n";
			showEnvVarsInLog = 0;
		};
		A65D0804F1CFB1541F6BC397 /* [CP] Embed Pods Frameworks */ = {
			isa = PBXShellScriptBuildPhase;
			buildActionMask = 2147483647;
			files = (
			);
			inputPaths = (
			);
			name = "[CP] Embed Pods Frameworks";
			outputPaths = (
			);
			runOnlyForDeploymentPostprocessing = 0;
			shellPath = /bin/sh;
			shellScript = "\"${SRCROOT}/Pods/Target Support Files/Pods-Weather/Pods-Weather-frameworks.sh\"\n";
			showEnvVarsInLog = 0;
		};
		DC87AE464877E924BF69DBE1 /* [CP] Copy Pods Resources */ = {
			isa = PBXShellScriptBuildPhase;
			buildActionMask = 2147483647;
			files = (
			);
			inputPaths = (
			);
			name = "[CP] Copy Pods Resources";
			outputPaths = (
			);
			runOnlyForDeploymentPostprocessing = 0;
			shellPath = /bin/sh;
			shellScript = "\"${SRCROOT}/Pods/Target Support Files/Pods-WeatherTests/Pods-WeatherTests-resources.sh\"\n";
			showEnvVarsInLog = 0;
		};
/* End PBXShellScriptBuildPhase section */

/* Begin PBXSourcesBuildPhase section */
		8AADF0C41F4140F100434C11 /* Sources */ = {
			isa = PBXSourcesBuildPhase;
			buildActionMask = 2147483647;
			files = (
				8A7A0AC91F42ADCB00E6E22B /* JSONFileReader.swift in Sources */,
				8A7A0AC71F42A55E00E6E22B /* WeatherResult.swift in Sources */,
				8AADF0F11F414C9500434C11 /* CountryStorage.swift in Sources */,
				8AADF0F31F414CFA00434C11 /* WeatherViewController.swift in Sources */,
				8AADF0F51F414D7200434C11 /* WeatherDataProvider.swift in Sources */,
				8A64E0BE1F41CD2E00EE7EB8 /* DetailedWeatherForecastViewController.swift in Sources */,
				8AADF0EF1F414B2500434C11 /* City.swift in Sources */,
				8A7A0ACB1F42BF0800E6E22B /* DetailedWeatherDataProvider.swift in Sources */,
				8AADF1141F414FEA00434C11 /* Weather.swift in Sources */,
				8AADF0CC1F4140F100434C11 /* AppDelegate.swift in Sources */,
				8A64E0BC1F41B20F00EE7EB8 /* CityWeatherCell.swift in Sources */,
			);
			runOnlyForDeploymentPostprocessing = 0;
		};
		8AADF0D81F4140F200434C11 /* Sources */ = {
			isa = PBXSourcesBuildPhase;
			buildActionMask = 2147483647;
			files = (
				8AADF0E11F4140F200434C11 /* WeatherTests.swift in Sources */,
			);
			runOnlyForDeploymentPostprocessing = 0;
		};
/* End PBXSourcesBuildPhase section */

/* Begin PBXTargetDependency section */
		8AADF0DE1F4140F200434C11 /* PBXTargetDependency */ = {
			isa = PBXTargetDependency;
			target = 8AADF0C71F4140F100434C11 /* Weather */;
			targetProxy = 8AADF0DD1F4140F200434C11 /* PBXContainerItemProxy */;
		};
/* End PBXTargetDependency section */

/* Begin PBXVariantGroup section */
		8AADF0CF1F4140F100434C11 /* Main.storyboard */ = {
			isa = PBXVariantGroup;
			children = (
				8AADF0D01F4140F100434C11 /* Base */,
			);
			name = Main.storyboard;
			sourceTree = "<group>";
		};
		8AADF0D41F4140F100434C11 /* LaunchScreen.storyboard */ = {
			isa = PBXVariantGroup;
			children = (
				8AADF0D51F4140F100434C11 /* Base */,
			);
			name = LaunchScreen.storyboard;
			sourceTree = "<group>";
		};
/* End PBXVariantGroup section */

/* Begin XCBuildConfiguration section */
		8AADF0E31F4140F200434C11 /* Debug */ = {
			isa = XCBuildConfiguration;
			buildSettings = {
				ALWAYS_SEARCH_USER_PATHS = NO;
				CLANG_ANALYZER_NONNULL = YES;
				CLANG_ANALYZER_NUMBER_OBJECT_CONVERSION = YES_AGGRESSIVE;
				CLANG_CXX_LANGUAGE_STANDARD = "gnu++0x";
				CLANG_CXX_LIBRARY = "libc++";
				CLANG_ENABLE_MODULES = YES;
				CLANG_ENABLE_OBJC_ARC = YES;
				CLANG_WARN_BOOL_CONVERSION = YES;
				CLANG_WARN_CONSTANT_CONVERSION = YES;
				CLANG_WARN_DIRECT_OBJC_ISA_USAGE = YES_ERROR;
				CLANG_WARN_DOCUMENTATION_COMMENTS = YES;
				CLANG_WARN_EMPTY_BODY = YES;
				CLANG_WARN_ENUM_CONVERSION = YES;
				CLANG_WARN_INFINITE_RECURSION = YES;
				CLANG_WARN_INT_CONVERSION = YES;
				CLANG_WARN_OBJC_ROOT_CLASS = YES_ERROR;
				CLANG_WARN_SUSPICIOUS_MOVE = YES;
				CLANG_WARN_UNREACHABLE_CODE = YES;
				CLANG_WARN__DUPLICATE_METHOD_MATCH = YES;
				"CODE_SIGN_IDENTITY[sdk=iphoneos*]" = "iPhone Developer";
				COPY_PHASE_STRIP = NO;
				DEBUG_INFORMATION_FORMAT = dwarf;
				ENABLE_STRICT_OBJC_MSGSEND = YES;
				ENABLE_TESTABILITY = YES;
				GCC_C_LANGUAGE_STANDARD = gnu99;
				GCC_DYNAMIC_NO_PIC = NO;
				GCC_NO_COMMON_BLOCKS = YES;
				GCC_OPTIMIZATION_LEVEL = 0;
				GCC_PREPROCESSOR_DEFINITIONS = (
					"DEBUG=1",
					"$(inherited)",
				);
				GCC_WARN_64_TO_32_BIT_CONVERSION = YES;
				GCC_WARN_ABOUT_RETURN_TYPE = YES_ERROR;
				GCC_WARN_UNDECLARED_SELECTOR = YES;
				GCC_WARN_UNINITIALIZED_AUTOS = YES_AGGRESSIVE;
				GCC_WARN_UNUSED_FUNCTION = YES;
				GCC_WARN_UNUSED_VARIABLE = YES;
				IPHONEOS_DEPLOYMENT_TARGET = 10.3;
				MTL_ENABLE_DEBUG_INFO = YES;
				ONLY_ACTIVE_ARCH = YES;
				SDKROOT = iphoneos;
				SWIFT_ACTIVE_COMPILATION_CONDITIONS = DEBUG;
				SWIFT_OPTIMIZATION_LEVEL = "-Onone";
			};
			name = Debug;
		};
		8AADF0E41F4140F200434C11 /* Release */ = {
			isa = XCBuildConfiguration;
			buildSettings = {
				ALWAYS_SEARCH_USER_PATHS = NO;
				CLANG_ANALYZER_NONNULL = YES;
				CLANG_ANALYZER_NUMBER_OBJECT_CONVERSION = YES_AGGRESSIVE;
				CLANG_CXX_LANGUAGE_STANDARD = "gnu++0x";
				CLANG_CXX_LIBRARY = "libc++";
				CLANG_ENABLE_MODULES = YES;
				CLANG_ENABLE_OBJC_ARC = YES;
				CLANG_WARN_BOOL_CONVERSION = YES;
				CLANG_WARN_CONSTANT_CONVERSION = YES;
				CLANG_WARN_DIRECT_OBJC_ISA_USAGE = YES_ERROR;
				CLANG_WARN_DOCUMENTATION_COMMENTS = YES;
				CLANG_WARN_EMPTY_BODY = YES;
				CLANG_WARN_ENUM_CONVERSION = YES;
				CLANG_WARN_INFINITE_RECURSION = YES;
				CLANG_WARN_INT_CONVERSION = YES;
				CLANG_WARN_OBJC_ROOT_CLASS = YES_ERROR;
				CLANG_WARN_SUSPICIOUS_MOVE = YES;
				CLANG_WARN_UNREACHABLE_CODE = YES;
				CLANG_WARN__DUPLICATE_METHOD_MATCH = YES;
				"CODE_SIGN_IDENTITY[sdk=iphoneos*]" = "iPhone Developer";
				COPY_PHASE_STRIP = NO;
				DEBUG_INFORMATION_FORMAT = "dwarf-with-dsym";
				ENABLE_NS_ASSERTIONS = NO;
				ENABLE_STRICT_OBJC_MSGSEND = YES;
				GCC_C_LANGUAGE_STANDARD = gnu99;
				GCC_NO_COMMON_BLOCKS = YES;
				GCC_WARN_64_TO_32_BIT_CONVERSION = YES;
				GCC_WARN_ABOUT_RETURN_TYPE = YES_ERROR;
				GCC_WARN_UNDECLARED_SELECTOR = YES;
				GCC_WARN_UNINITIALIZED_AUTOS = YES_AGGRESSIVE;
				GCC_WARN_UNUSED_FUNCTION = YES;
				GCC_WARN_UNUSED_VARIABLE = YES;
				IPHONEOS_DEPLOYMENT_TARGET = 10.3;
				MTL_ENABLE_DEBUG_INFO = NO;
				SDKROOT = iphoneos;
				SWIFT_OPTIMIZATION_LEVEL = "-Owholemodule";
				VALIDATE_PRODUCT = YES;
			};
			name = Release;
		};
		8AADF0E61F4140F200434C11 /* Debug */ = {
			isa = XCBuildConfiguration;
			baseConfigurationReference = 4A640D06711636A517969312 /* Pods-Weather.debug.xcconfig */;
			buildSettings = {
				ASSETCATALOG_COMPILER_APPICON_NAME = AppIcon;
				INFOPLIST_FILE = Weather/Info.plist;
				LD_RUNPATH_SEARCH_PATHS = "$(inherited) @executable_path/Frameworks";
				PRODUCT_BUNDLE_IDENTIFIER = az.com.Weather;
				PRODUCT_NAME = "$(TARGET_NAME)";
				SWIFT_VERSION = 3.0;
			};
			name = Debug;
		};
		8AADF0E71F4140F200434C11 /* Release */ = {
			isa = XCBuildConfiguration;
			baseConfigurationReference = D3C33F349D0F078883F86554 /* Pods-Weather.release.xcconfig */;
			buildSettings = {
				ASSETCATALOG_COMPILER_APPICON_NAME = AppIcon;
				INFOPLIST_FILE = Weather/Info.plist;
				LD_RUNPATH_SEARCH_PATHS = "$(inherited) @executable_path/Frameworks";
				PRODUCT_BUNDLE_IDENTIFIER = az.com.Weather;
				PRODUCT_NAME = "$(TARGET_NAME)";
				SWIFT_VERSION = 3.0;
			};
			name = Release;
		};
		8AADF0E91F4140F200434C11 /* Debug */ = {
			isa = XCBuildConfiguration;
			baseConfigurationReference = 8314FBD2C363B56B2E222E07 /* Pods-WeatherTests.debug.xcconfig */;
			buildSettings = {
				ALWAYS_EMBED_SWIFT_STANDARD_LIBRARIES = YES;
				BUNDLE_LOADER = "$(TEST_HOST)";
				INFOPLIST_FILE = WeatherTests/Info.plist;
				LD_RUNPATH_SEARCH_PATHS = "$(inherited) @executable_path/Frameworks @loader_path/Frameworks";
				PRODUCT_BUNDLE_IDENTIFIER = az.com.WeatherTests;
				PRODUCT_NAME = "$(TARGET_NAME)";
				SWIFT_VERSION = 3.0;
				TEST_HOST = "$(BUILT_PRODUCTS_DIR)/Weather.app/Weather";
			};
			name = Debug;
		};
		8AADF0EA1F4140F200434C11 /* Release */ = {
			isa = XCBuildConfiguration;
			baseConfigurationReference = 25FEE2457FE134DFD7688B1C /* Pods-WeatherTests.release.xcconfig */;
			buildSettings = {
				ALWAYS_EMBED_SWIFT_STANDARD_LIBRARIES = YES;
				BUNDLE_LOADER = "$(TEST_HOST)";
				INFOPLIST_FILE = WeatherTests/Info.plist;
				LD_RUNPATH_SEARCH_PATHS = "$(inherited) @executable_path/Frameworks @loader_path/Frameworks";
				PRODUCT_BUNDLE_IDENTIFIER = az.com.WeatherTests;
				PRODUCT_NAME = "$(TARGET_NAME)";
				SWIFT_VERSION = 3.0;
				TEST_HOST = "$(BUILT_PRODUCTS_DIR)/Weather.app/Weather";
			};
			name = Release;
		};
/* End XCBuildConfiguration section */

/* Begin XCConfigurationList section */
		8AADF0C31F4140F100434C11 /* Build configuration list for PBXProject "Weather" */ = {
			isa = XCConfigurationList;
			buildConfigurations = (
				8AADF0E31F4140F200434C11 /* Debug */,
				8AADF0E41F4140F200434C11 /* Release */,
			);
			defaultConfigurationIsVisible = 0;
			defaultConfigurationName = Release;
		};
		8AADF0E51F4140F200434C11 /* Build configuration list for PBXNativeTarget "Weather" */ = {
			isa = XCConfigurationList;
			buildConfigurations = (
				8AADF0E61F4140F200434C11 /* Debug */,
				8AADF0E71F4140F200434C11 /* Release */,
			);
			defaultConfigurationIsVisible = 0;
			defaultConfigurationName = Release;
		};
		8AADF0E81F4140F200434C11 /* Build configuration list for PBXNativeTarget "WeatherTests" */ = {
			isa = XCConfigurationList;
			buildConfigurations = (
				8AADF0E91F4140F200434C11 /* Debug */,
				8AADF0EA1F4140F200434C11 /* Release */,
			);
			defaultConfigurationIsVisible = 0;
			defaultConfigurationName = Release;
		};
/* End XCConfigurationList section */
	};
	rootObject = 8AADF0C01F4140F100434C11 /* Project object */;
}
